# This file is automatically @generated by Poetry 1.7.0 and should not be changed by hand.

[[package]]
name = "pyglet"
version = "2.0.10"
description = "Cross-platform windowing and multimedia library"
optional = false
python-versions = "*"
files = [
    {file = "pyglet-2.0.10-py3-none-any.whl", hash = "sha256:e10a1f1a6a2dcfbf23155913746ff6fbf8ea18c5ee813b6d0e79d273bb2b3c18"},
    {file = "pyglet-2.0.10.zip", hash = "sha256:242beb1b3bd67c5bebdfe5ba11ec56b696ad86b50c6e7f2a317f8d783256b9c9"},
]

[metadata]
lock-version = "2.0"
python-versions = "^3.11"
content-hash = "6aaa421dc19727d757ebd9a27f9936fa1887de95aedd4b5fddb0ebb00c2cae71"
